{
  "name": "@ansyn/imagery-cesium",
  "version": "3.0.0",
  "lockfileVersion": 1,
  "requires": true,
  "dependencies": {
    "tslib": {
      "version": "2.3.1",
      "resolved": "https://artifactory.rnd-hub.com:443/artifactory/api/npm/Npm-IMFamily-virt/tslib/-/tslib-2.3.1.tgz",
      "integrity": "sha1-6KM1rdXOrlGqJh0ypJAVjvBC7wE="
    }
  }
}
